
Microsoft Visual Studio Solution File, Format Version 12.00
# Visual Studio Version 17
VisualStudioVersion = 17.10.35013.160
MinimumVisualStudioVersion = 10.0.40219.1
Project("{8BC9CEB8-8B4A-11D0-8D11-00A0C91BC942}") = "Program", "Program.vcxproj", "{2BD4AC89-4ED8-4A0D-B182-A244F1E73B83}"
EndProject
Project("{8BC9CEB8-8B4A-11D0-8D11-00A0C91BC942}") = "Class_1th_SingleLinkedList", "..\Class_1th_SingleLinkedList\Class_1th_SingleLinkedList.vcxproj", "{DCC06A42-B253-4F6B-9918-D03912165AA3}"
EndProject
Project("{8BC9CEB8-8B4A-11D0-8D11-00A0C91BC942}") = "Class_2th_DoubleLinkedList", "..\Class_2th_DoubleLinkedList\Class_2th_DoubleLinkedList.vcxproj", "{E574E758-442D-4728-9B9C-9077EE4F14BC}"
EndProject
Project("{8BC9CEB8-8B4A-11D0-8D11-00A0C91BC942}") = "Class_3th_CircularLinkedList", "..\Class_3th_CircularLinkedList\Class_3th_CircularLinkedList.vcxproj", "{A8446794-08A3-4A80-B4DC-4B9EC3E0F245}"
EndProject
Project("{8BC9CEB8-8B4A-11D0-8D11-00A0C91BC942}") = "Class_4th_Stack", "..\Class_4th_Stack\Class_4th_Stack.vcxproj", "{17D3AF10-5441-4766-92F4-394EF3AD6F75}"
EndProject
Project("{8BC9CEB8-8B4A-11D0-8D11-00A0C91BC942}") = "Class_5th_LinearQueue", "..\Class_5th_LinearQueue\Class_5th_LinearQueue.vcxproj", "{51F5BBB7-CC71-4861-A3E9-A4A8668913A8}"
EndProject
Project("{8BC9CEB8-8B4A-11D0-8D11-00A0C91BC942}") = "Class_6th_CircularQueue", "..\Class_6th_CircularQueue\Class_6th_CircularQueue.vcxproj", "{AF7F7666-4A75-409C-910D-E98E787BF41A}"
EndProject
Project("{8BC9CEB8-8B4A-11D0-8D11-00A0C91BC942}") = "Class_7th_Vector", "..\Class_7th_Vector\Class_7th_Vector.vcxproj", "{67812C5F-52DC-40C1-ABA1-F3F1FC9B4A49}"
EndProject
Project("{8BC9CEB8-8B4A-11D0-8D11-00A0C91BC942}") = "Class_8th_String", "..\Class_8th_String\Class_8th_String.vcxproj", "{B0242A08-8E91-4341-A887-9C70A61AFE91}"
EndProject
Project("{8BC9CEB8-8B4A-11D0-8D11-00A0C91BC942}") = "Class_9th_HashTable", "..\Class_9th_HashTable\Class_9th_HashTable.vcxproj", "{6E26FA5C-AC31-401A-89B4-A7EC2EC5FBC1}"
EndProject
Global
	GlobalSection(SolutionConfigurationPlatforms) = preSolution
		Debug|x64 = Debug|x64
		Debug|x86 = Debug|x86
		Release|x64 = Release|x64
		Release|x86 = Release|x86
	EndGlobalSection
	GlobalSection(ProjectConfigurationPlatforms) = postSolution
		{2BD4AC89-4ED8-4A0D-B182-A244F1E73B83}.Debug|x64.ActiveCfg = Debug|x64
		{2BD4AC89-4ED8-4A0D-B182-A244F1E73B83}.Debug|x64.Build.0 = Debug|x64
		{2BD4AC89-4ED8-4A0D-B182-A244F1E73B83}.Debug|x86.ActiveCfg = Debug|Win32
		{2BD4AC89-4ED8-4A0D-B182-A244F1E73B83}.Debug|x86.Build.0 = Debug|Win32
		{2BD4AC89-4ED8-4A0D-B182-A244F1E73B83}.Release|x64.ActiveCfg = Release|x64
		{2BD4AC89-4ED8-4A0D-B182-A244F1E73B83}.Release|x64.Build.0 = Release|x64
		{2BD4AC89-4ED8-4A0D-B182-A244F1E73B83}.Release|x86.ActiveCfg = Release|Win32
		{2BD4AC89-4ED8-4A0D-B182-A244F1E73B83}.Release|x86.Build.0 = Release|Win32
		{DCC06A42-B253-4F6B-9918-D03912165AA3}.Debug|x64.ActiveCfg = Debug|x64
		{DCC06A42-B253-4F6B-9918-D03912165AA3}.Debug|x64.Build.0 = Debug|x64
		{DCC06A42-B253-4F6B-9918-D03912165AA3}.Debug|x86.ActiveCfg = Debug|Win32
		{DCC06A42-B253-4F6B-9918-D03912165AA3}.Debug|x86.Build.0 = Debug|Win32
		{DCC06A42-B253-4F6B-9918-D03912165AA3}.Release|x64.ActiveCfg = Release|x64
		{DCC06A42-B253-4F6B-9918-D03912165AA3}.Release|x64.Build.0 = Release|x64
		{DCC06A42-B253-4F6B-9918-D03912165AA3}.Release|x86.ActiveCfg = Release|Win32
		{DCC06A42-B253-4F6B-9918-D03912165AA3}.Release|x86.Build.0 = Release|Win32
		{E574E758-442D-4728-9B9C-9077EE4F14BC}.Debug|x64.ActiveCfg = Debug|x64
		{E574E758-442D-4728-9B9C-9077EE4F14BC}.Debug|x64.Build.0 = Debug|x64
		{E574E758-442D-4728-9B9C-9077EE4F14BC}.Debug|x86.ActiveCfg = Debug|Win32
		{E574E758-442D-4728-9B9C-9077EE4F14BC}.Debug|x86.Build.0 = Debug|Win32
		{E574E758-442D-4728-9B9C-9077EE4F14BC}.Release|x64.ActiveCfg = Release|x64
		{E574E758-442D-4728-9B9C-9077EE4F14BC}.Release|x64.Build.0 = Release|x64
		{E574E758-442D-4728-9B9C-9077EE4F14BC}.Release|x86.ActiveCfg = Release|Win32
		{E574E758-442D-4728-9B9C-9077EE4F14BC}.Release|x86.Build.0 = Release|Win32
		{A8446794-08A3-4A80-B4DC-4B9EC3E0F245}.Debug|x64.ActiveCfg = Debug|x64
		{A8446794-08A3-4A80-B4DC-4B9EC3E0F245}.Debug|x64.Build.0 = Debug|x64
		{A8446794-08A3-4A80-B4DC-4B9EC3E0F245}.Debug|x86.ActiveCfg = Debug|Win32
		{A8446794-08A3-4A80-B4DC-4B9EC3E0F245}.Debug|x86.Build.0 = Debug|Win32
		{A8446794-08A3-4A80-B4DC-4B9EC3E0F245}.Release|x64.ActiveCfg = Release|x64
		{A8446794-08A3-4A80-B4DC-4B9EC3E0F245}.Release|x64.Build.0 = Release|x64
		{A8446794-08A3-4A80-B4DC-4B9EC3E0F245}.Release|x86.ActiveCfg = Release|Win32
		{A8446794-08A3-4A80-B4DC-4B9EC3E0F245}.Release|x86.Build.0 = Release|Win32
		{17D3AF10-5441-4766-92F4-394EF3AD6F75}.Debug|x64.ActiveCfg = Debug|x64
		{17D3AF10-5441-4766-92F4-394EF3AD6F75}.Debug|x64.Build.0 = Debug|x64
		{17D3AF10-5441-4766-92F4-394EF3AD6F75}.Debug|x86.ActiveCfg = Debug|Win32
		{17D3AF10-5441-4766-92F4-394EF3AD6F75}.Debug|x86.Build.0 = Debug|Win32
		{17D3AF10-5441-4766-92F4-394EF3AD6F75}.Release|x64.ActiveCfg = Release|x64
		{17D3AF10-5441-4766-92F4-394EF3AD6F75}.Release|x64.Build.0 = Release|x64
		{17D3AF10-5441-4766-92F4-394EF3AD6F75}.Release|x86.ActiveCfg = Release|Win32
		{17D3AF10-5441-4766-92F4-394EF3AD6F75}.Release|x86.Build.0 = Release|Win32
		{51F5BBB7-CC71-4861-A3E9-A4A8668913A8}.Debug|x64.ActiveCfg = Debug|x64
		{51F5BBB7-CC71-4861-A3E9-A4A8668913A8}.Debug|x64.Build.0 = Debug|x64
		{51F5BBB7-CC71-4861-A3E9-A4A8668913A8}.Debug|x86.ActiveCfg = Debug|Win32
		{51F5BBB7-CC71-4861-A3E9-A4A8668913A8}.Debug|x86.Build.0 = Debug|Win32
		{51F5BBB7-CC71-4861-A3E9-A4A8668913A8}.Release|x64.ActiveCfg = Release|x64
		{51F5BBB7-CC71-4861-A3E9-A4A8668913A8}.Release|x64.Build.0 = Release|x64
		{51F5BBB7-CC71-4861-A3E9-A4A8668913A8}.Release|x86.ActiveCfg = Release|Win32
		{51F5BBB7-CC71-4861-A3E9-A4A8668913A8}.Release|x86.Build.0 = Release|Win32
		{AF7F7666-4A75-409C-910D-E98E787BF41A}.Debug|x64.ActiveCfg = Debug|x64
		{AF7F7666-4A75-409C-910D-E98E787BF41A}.Debug|x64.Build.0 = Debug|x64
		{AF7F7666-4A75-409C-910D-E98E787BF41A}.Debug|x86.ActiveCfg = Debug|Win32
		{AF7F7666-4A75-409C-910D-E98E787BF41A}.Debug|x86.Build.0 = Debug|Win32
		{AF7F7666-4A75-409C-910D-E98E787BF41A}.Release|x64.ActiveCfg = Release|x64
		{AF7F7666-4A75-409C-910D-E98E787BF41A}.Release|x64.Build.0 = Release|x64
		{AF7F7666-4A75-409C-910D-E98E787BF41A}.Release|x86.ActiveCfg = Release|Win32
		{AF7F7666-4A75-409C-910D-E98E787BF41A}.Release|x86.Build.0 = Release|Win32
		{67812C5F-52DC-40C1-ABA1-F3F1FC9B4A49}.Debug|x64.ActiveCfg = Debug|x64
		{67812C5F-52DC-40C1-ABA1-F3F1FC9B4A49}.Debug|x64.Build.0 = Debug|x64
		{67812C5F-52DC-40C1-ABA1-F3F1FC9B4A49}.Debug|x86.ActiveCfg = Debug|Win32
		{67812C5F-52DC-40C1-ABA1-F3F1FC9B4A49}.Debug|x86.Build.0 = Debug|Win32
		{67812C5F-52DC-40C1-ABA1-F3F1FC9B4A49}.Release|x64.ActiveCfg = Release|x64
		{67812C5F-52DC-40C1-ABA1-F3F1FC9B4A49}.Release|x64.Build.0 = Release|x64
		{67812C5F-52DC-40C1-ABA1-F3F1FC9B4A49}.Release|x86.ActiveCfg = Release|Win32
		{67812C5F-52DC-40C1-ABA1-F3F1FC9B4A49}.Release|x86.Build.0 = Release|Win32
		{B0242A08-8E91-4341-A887-9C70A61AFE91}.Debug|x64.ActiveCfg = Debug|x64
		{B0242A08-8E91-4341-A887-9C70A61AFE91}.Debug|x64.Build.0 = Debug|x64
		{B0242A08-8E91-4341-A887-9C70A61AFE91}.Debug|x86.ActiveCfg = Debug|Win32
		{B0242A08-8E91-4341-A887-9C70A61AFE91}.Debug|x86.Build.0 = Debug|Win32
		{B0242A08-8E91-4341-A887-9C70A61AFE91}.Release|x64.ActiveCfg = Release|x64
		{B0242A08-8E91-4341-A887-9C70A61AFE91}.Release|x64.Build.0 = Release|x64
		{B0242A08-8E91-4341-A887-9C70A61AFE91}.Release|x86.ActiveCfg = Release|Win32
		{B0242A08-8E91-4341-A887-9C70A61AFE91}.Release|x86.Build.0 = Release|Win32
		{6E26FA5C-AC31-401A-89B4-A7EC2EC5FBC1}.Debug|x64.ActiveCfg = Debug|x64
		{6E26FA5C-AC31-401A-89B4-A7EC2EC5FBC1}.Debug|x64.Build.0 = Debug|x64
		{6E26FA5C-AC31-401A-89B4-A7EC2EC5FBC1}.Debug|x86.ActiveCfg = Debug|Win32
		{6E26FA5C-AC31-401A-89B4-A7EC2EC5FBC1}.Debug|x86.Build.0 = Debug|Win32
		{6E26FA5C-AC31-401A-89B4-A7EC2EC5FBC1}.Release|x64.ActiveCfg = Release|x64
		{6E26FA5C-AC31-401A-89B4-A7EC2EC5FBC1}.Release|x64.Build.0 = Release|x64
		{6E26FA5C-AC31-401A-89B4-A7EC2EC5FBC1}.Release|x86.ActiveCfg = Release|Win32
		{6E26FA5C-AC31-401A-89B4-A7EC2EC5FBC1}.Release|x86.Build.0 = Release|Win32
	EndGlobalSection
	GlobalSection(SolutionProperties) = preSolution
		HideSolutionNode = FALSE
	EndGlobalSection
	GlobalSection(ExtensibilityGlobals) = postSolution
		SolutionGuid = {3948D52B-99F5-435D-AAEC-B5642B92EAB8}
	EndGlobalSection
EndGlobal
