
Microsoft Visual Studio Solution File, Format Version 12.00
# Visual Studio Version 17
VisualStudioVersion = 17.10.35013.160
MinimumVisualStudioVersion = 10.0.40219.1
Project("{8BC9CEB8-8B4A-11D0-8D11-00A0C91BC942}") = "Program", "Program.vcxproj", "{90DF3489-34E3-4806-8FD9-C931B262B371}"
EndProject
Project("{8BC9CEB8-8B4A-11D0-8D11-00A0C91BC942}") = "Class_1th_TimeComplexity_SpaceComplexity", "..\Class_1th_TimeComplexity_SpaceComplexity\Class_1th_TimeComplexity_SpaceComplexity.vcxproj", "{EA927F04-5422-4CA8-8A4A-93CAB4A5247B}"
EndProject
Project("{8BC9CEB8-8B4A-11D0-8D11-00A0C91BC942}") = "Class_2th_BruteForce", "..\Class_2th_BruteForce\Class_2th_BruteForce.vcxproj", "{D577D65E-095D-49EB-AA01-B51F269A89CE}"
EndProject
Project("{8BC9CEB8-8B4A-11D0-8D11-00A0C91BC942}") = "Class_3th_BubbleSort", "..\Class_3th_BubbleSort\Class_3th_BubbleSort.vcxproj", "{257CCDF8-50FC-48D2-8B14-1A5DF170309A}"
EndProject
Project("{8BC9CEB8-8B4A-11D0-8D11-00A0C91BC942}") = "Class_4th_SelectionSort", "..\Class_4th_SelectionSort\Class_4th_SelectionSort.vcxproj", "{C8D4B4D5-8F6B-4DBF-9B2C-BE2E4C37DA2A}"
EndProject
Project("{8BC9CEB8-8B4A-11D0-8D11-00A0C91BC942}") = "Class_5th_InsertionSort", "..\Class_5th_InsertionSort\Class_5th_InsertionSort.vcxproj", "{6EB54571-4BBB-4209-BA54-5971B5746ED6}"
EndProject
Project("{8BC9CEB8-8B4A-11D0-8D11-00A0C91BC942}") = "Class_6th_GCD_GCF", "..\Class_6th_GCD_GCF\Class_6th_GCD_GCF.vcxproj", "{6562BE2B-FD75-4F68-8FA7-E65A5D4F0F0C}"
EndProject
Project("{8BC9CEB8-8B4A-11D0-8D11-00A0C91BC942}") = "Class_7th_EuclideanAlgorithm", "..\Class_7th_EuclideanAlgorithm\Class_7th_EuclideanAlgorithm.vcxproj", "{65C950CD-66FC-4C48-9493-468C4223DCBD}"
EndProject
Project("{8BC9CEB8-8B4A-11D0-8D11-00A0C91BC942}") = "Class_8th_SieveOfEratosthenes", "..\Class_8th_SieveOfEratosthenes\Class_8th_SieveOfEratosthenes.vcxproj", "{734AB41A-8CD8-4CB8-85B6-DD7AA99FE2F5}"
EndProject
Project("{8BC9CEB8-8B4A-11D0-8D11-00A0C91BC942}") = "Class_9th_CountSort", "..\Class_9th_CountSort\Class_9th_CountSort.vcxproj", "{D5B45830-931A-4C78-93EF-892CA86ED9F1}"
EndProject
Project("{8BC9CEB8-8B4A-11D0-8D11-00A0C91BC942}") = "Class_10th_DevideAndConquer", "..\Class_10th_DevideAndConquer\Class_10th_DevideAndConquer.vcxproj", "{66EFAFDD-1DE0-43E1-8CDA-100CE9144BD4}"
EndProject
Project("{8BC9CEB8-8B4A-11D0-8D11-00A0C91BC942}") = "Class_11th_TwoPointer", "..\Class_11th_TwoPointer\Class_11th_TwoPointer.vcxproj", "{F2814294-A827-4858-B28E-519B07D75503}"
EndProject
Project("{8BC9CEB8-8B4A-11D0-8D11-00A0C91BC942}") = "Class_12th_QuickSort", "..\Class_12th_QuickSort\Class_12th_QuickSort.vcxproj", "{15CDBB82-56C1-4427-9035-74D239E2B25A}"
EndProject
Project("{8BC9CEB8-8B4A-11D0-8D11-00A0C91BC942}") = "Class_13th_MergeSort", "..\Class_13th_MergeSort\Class_13th_MergeSort.vcxproj", "{B3E96677-0E36-486F-BFB7-B6AD22BA7737}"
EndProject
Project("{8BC9CEB8-8B4A-11D0-8D11-00A0C91BC942}") = "Class_14th_DynamicProgramming", "..\Class_14th_DynamicProgramming\Class_14th_DynamicProgramming.vcxproj", "{EAF897C7-4EC9-4665-B616-164D792F3BFD}"
EndProject
Project("{8BC9CEB8-8B4A-11D0-8D11-00A0C91BC942}") = "Class_15th_Greedy", "..\Class_15th_Greedy\Class_15th_Greedy.vcxproj", "{AFB07C83-71F4-4E8E-B2B9-25D91B49997C}"
EndProject
Project("{8BC9CEB8-8B4A-11D0-8D11-00A0C91BC942}") = "Class_16th_DepthFirstSearch", "..\Class_16th_DepthFirstSearch\Class_16th_DepthFirstSearch.vcxproj", "{91CD2F20-C760-4ECC-BAD6-850B07DE21C7}"
EndProject
Project("{8BC9CEB8-8B4A-11D0-8D11-00A0C91BC942}") = "Class_17th_BreadthFirstSearch", "..\Class_17th_BreadthFirstSearch\Class_17th_BreadthFirstSearch.vcxproj", "{3F52654B-8781-490B-A09B-208CA8156CF5}"
EndProject
Project("{8BC9CEB8-8B4A-11D0-8D11-00A0C91BC942}") = "Class_18th_TopologicalSort", "..\Class_18th_TopologicalSort\Class_18th_TopologicalSort.vcxproj", "{31E9CF20-6EB3-4047-8E27-1954CD8817F2}"
EndProject
Global
	GlobalSection(SolutionConfigurationPlatforms) = preSolution
		Debug|x64 = Debug|x64
		Debug|x86 = Debug|x86
		Release|x64 = Release|x64
		Release|x86 = Release|x86
	EndGlobalSection
	GlobalSection(ProjectConfigurationPlatforms) = postSolution
		{90DF3489-34E3-4806-8FD9-C931B262B371}.Debug|x64.ActiveCfg = Debug|x64
		{90DF3489-34E3-4806-8FD9-C931B262B371}.Debug|x64.Build.0 = Debug|x64
		{90DF3489-34E3-4806-8FD9-C931B262B371}.Debug|x86.ActiveCfg = Debug|Win32
		{90DF3489-34E3-4806-8FD9-C931B262B371}.Debug|x86.Build.0 = Debug|Win32
		{90DF3489-34E3-4806-8FD9-C931B262B371}.Release|x64.ActiveCfg = Release|x64
		{90DF3489-34E3-4806-8FD9-C931B262B371}.Release|x64.Build.0 = Release|x64
		{90DF3489-34E3-4806-8FD9-C931B262B371}.Release|x86.ActiveCfg = Release|Win32
		{90DF3489-34E3-4806-8FD9-C931B262B371}.Release|x86.Build.0 = Release|Win32
		{EA927F04-5422-4CA8-8A4A-93CAB4A5247B}.Debug|x64.ActiveCfg = Debug|x64
		{EA927F04-5422-4CA8-8A4A-93CAB4A5247B}.Debug|x64.Build.0 = Debug|x64
		{EA927F04-5422-4CA8-8A4A-93CAB4A5247B}.Debug|x86.ActiveCfg = Debug|Win32
		{EA927F04-5422-4CA8-8A4A-93CAB4A5247B}.Debug|x86.Build.0 = Debug|Win32
		{EA927F04-5422-4CA8-8A4A-93CAB4A5247B}.Release|x64.ActiveCfg = Release|x64
		{EA927F04-5422-4CA8-8A4A-93CAB4A5247B}.Release|x64.Build.0 = Release|x64
		{EA927F04-5422-4CA8-8A4A-93CAB4A5247B}.Release|x86.ActiveCfg = Release|Win32
		{EA927F04-5422-4CA8-8A4A-93CAB4A5247B}.Release|x86.Build.0 = Release|Win32
		{D577D65E-095D-49EB-AA01-B51F269A89CE}.Debug|x64.ActiveCfg = Debug|x64
		{D577D65E-095D-49EB-AA01-B51F269A89CE}.Debug|x64.Build.0 = Debug|x64
		{D577D65E-095D-49EB-AA01-B51F269A89CE}.Debug|x86.ActiveCfg = Debug|Win32
		{D577D65E-095D-49EB-AA01-B51F269A89CE}.Debug|x86.Build.0 = Debug|Win32
		{D577D65E-095D-49EB-AA01-B51F269A89CE}.Release|x64.ActiveCfg = Release|x64
		{D577D65E-095D-49EB-AA01-B51F269A89CE}.Release|x64.Build.0 = Release|x64
		{D577D65E-095D-49EB-AA01-B51F269A89CE}.Release|x86.ActiveCfg = Release|Win32
		{D577D65E-095D-49EB-AA01-B51F269A89CE}.Release|x86.Build.0 = Release|Win32
		{257CCDF8-50FC-48D2-8B14-1A5DF170309A}.Debug|x64.ActiveCfg = Debug|x64
		{257CCDF8-50FC-48D2-8B14-1A5DF170309A}.Debug|x64.Build.0 = Debug|x64
		{257CCDF8-50FC-48D2-8B14-1A5DF170309A}.Debug|x86.ActiveCfg = Debug|Win32
		{257CCDF8-50FC-48D2-8B14-1A5DF170309A}.Debug|x86.Build.0 = Debug|Win32
		{257CCDF8-50FC-48D2-8B14-1A5DF170309A}.Release|x64.ActiveCfg = Release|x64
		{257CCDF8-50FC-48D2-8B14-1A5DF170309A}.Release|x64.Build.0 = Release|x64
		{257CCDF8-50FC-48D2-8B14-1A5DF170309A}.Release|x86.ActiveCfg = Release|Win32
		{257CCDF8-50FC-48D2-8B14-1A5DF170309A}.Release|x86.Build.0 = Release|Win32
		{C8D4B4D5-8F6B-4DBF-9B2C-BE2E4C37DA2A}.Debug|x64.ActiveCfg = Debug|x64
		{C8D4B4D5-8F6B-4DBF-9B2C-BE2E4C37DA2A}.Debug|x64.Build.0 = Debug|x64
		{C8D4B4D5-8F6B-4DBF-9B2C-BE2E4C37DA2A}.Debug|x86.ActiveCfg = Debug|Win32
		{C8D4B4D5-8F6B-4DBF-9B2C-BE2E4C37DA2A}.Debug|x86.Build.0 = Debug|Win32
		{C8D4B4D5-8F6B-4DBF-9B2C-BE2E4C37DA2A}.Release|x64.ActiveCfg = Release|x64
		{C8D4B4D5-8F6B-4DBF-9B2C-BE2E4C37DA2A}.Release|x64.Build.0 = Release|x64
		{C8D4B4D5-8F6B-4DBF-9B2C-BE2E4C37DA2A}.Release|x86.ActiveCfg = Release|Win32
		{C8D4B4D5-8F6B-4DBF-9B2C-BE2E4C37DA2A}.Release|x86.Build.0 = Release|Win32
		{6EB54571-4BBB-4209-BA54-5971B5746ED6}.Debug|x64.ActiveCfg = Debug|x64
		{6EB54571-4BBB-4209-BA54-5971B5746ED6}.Debug|x64.Build.0 = Debug|x64
		{6EB54571-4BBB-4209-BA54-5971B5746ED6}.Debug|x86.ActiveCfg = Debug|Win32
		{6EB54571-4BBB-4209-BA54-5971B5746ED6}.Debug|x86.Build.0 = Debug|Win32
		{6EB54571-4BBB-4209-BA54-5971B5746ED6}.Release|x64.ActiveCfg = Release|x64
		{6EB54571-4BBB-4209-BA54-5971B5746ED6}.Release|x64.Build.0 = Release|x64
		{6EB54571-4BBB-4209-BA54-5971B5746ED6}.Release|x86.ActiveCfg = Release|Win32
		{6EB54571-4BBB-4209-BA54-5971B5746ED6}.Release|x86.Build.0 = Release|Win32
		{6562BE2B-FD75-4F68-8FA7-E65A5D4F0F0C}.Debug|x64.ActiveCfg = Debug|x64
		{6562BE2B-FD75-4F68-8FA7-E65A5D4F0F0C}.Debug|x64.Build.0 = Debug|x64
		{6562BE2B-FD75-4F68-8FA7-E65A5D4F0F0C}.Debug|x86.ActiveCfg = Debug|Win32
		{6562BE2B-FD75-4F68-8FA7-E65A5D4F0F0C}.Debug|x86.Build.0 = Debug|Win32
		{6562BE2B-FD75-4F68-8FA7-E65A5D4F0F0C}.Release|x64.ActiveCfg = Release|x64
		{6562BE2B-FD75-4F68-8FA7-E65A5D4F0F0C}.Release|x64.Build.0 = Release|x64
		{6562BE2B-FD75-4F68-8FA7-E65A5D4F0F0C}.Release|x86.ActiveCfg = Release|Win32
		{6562BE2B-FD75-4F68-8FA7-E65A5D4F0F0C}.Release|x86.Build.0 = Release|Win32
		{65C950CD-66FC-4C48-9493-468C4223DCBD}.Debug|x64.ActiveCfg = Debug|x64
		{65C950CD-66FC-4C48-9493-468C4223DCBD}.Debug|x64.Build.0 = Debug|x64
		{65C950CD-66FC-4C48-9493-468C4223DCBD}.Debug|x86.ActiveCfg = Debug|Win32
		{65C950CD-66FC-4C48-9493-468C4223DCBD}.Debug|x86.Build.0 = Debug|Win32
		{65C950CD-66FC-4C48-9493-468C4223DCBD}.Release|x64.ActiveCfg = Release|x64
		{65C950CD-66FC-4C48-9493-468C4223DCBD}.Release|x64.Build.0 = Release|x64
		{65C950CD-66FC-4C48-9493-468C4223DCBD}.Release|x86.ActiveCfg = Release|Win32
		{65C950CD-66FC-4C48-9493-468C4223DCBD}.Release|x86.Build.0 = Release|Win32
		{734AB41A-8CD8-4CB8-85B6-DD7AA99FE2F5}.Debug|x64.ActiveCfg = Debug|x64
		{734AB41A-8CD8-4CB8-85B6-DD7AA99FE2F5}.Debug|x64.Build.0 = Debug|x64
		{734AB41A-8CD8-4CB8-85B6-DD7AA99FE2F5}.Debug|x86.ActiveCfg = Debug|Win32
		{734AB41A-8CD8-4CB8-85B6-DD7AA99FE2F5}.Debug|x86.Build.0 = Debug|Win32
		{734AB41A-8CD8-4CB8-85B6-DD7AA99FE2F5}.Release|x64.ActiveCfg = Release|x64
		{734AB41A-8CD8-4CB8-85B6-DD7AA99FE2F5}.Release|x64.Build.0 = Release|x64
		{734AB41A-8CD8-4CB8-85B6-DD7AA99FE2F5}.Release|x86.ActiveCfg = Release|Win32
		{734AB41A-8CD8-4CB8-85B6-DD7AA99FE2F5}.Release|x86.Build.0 = Release|Win32
		{D5B45830-931A-4C78-93EF-892CA86ED9F1}.Debug|x64.ActiveCfg = Debug|x64
		{D5B45830-931A-4C78-93EF-892CA86ED9F1}.Debug|x64.Build.0 = Debug|x64
		{D5B45830-931A-4C78-93EF-892CA86ED9F1}.Debug|x86.ActiveCfg = Debug|Win32
		{D5B45830-931A-4C78-93EF-892CA86ED9F1}.Debug|x86.Build.0 = Debug|Win32
		{D5B45830-931A-4C78-93EF-892CA86ED9F1}.Release|x64.ActiveCfg = Release|x64
		{D5B45830-931A-4C78-93EF-892CA86ED9F1}.Release|x64.Build.0 = Release|x64
		{D5B45830-931A-4C78-93EF-892CA86ED9F1}.Release|x86.ActiveCfg = Release|Win32
		{D5B45830-931A-4C78-93EF-892CA86ED9F1}.Release|x86.Build.0 = Release|Win32
		{66EFAFDD-1DE0-43E1-8CDA-100CE9144BD4}.Debug|x64.ActiveCfg = Debug|x64
		{66EFAFDD-1DE0-43E1-8CDA-100CE9144BD4}.Debug|x64.Build.0 = Debug|x64
		{66EFAFDD-1DE0-43E1-8CDA-100CE9144BD4}.Debug|x86.ActiveCfg = Debug|Win32
		{66EFAFDD-1DE0-43E1-8CDA-100CE9144BD4}.Debug|x86.Build.0 = Debug|Win32
		{66EFAFDD-1DE0-43E1-8CDA-100CE9144BD4}.Release|x64.ActiveCfg = Release|x64
		{66EFAFDD-1DE0-43E1-8CDA-100CE9144BD4}.Release|x64.Build.0 = Release|x64
		{66EFAFDD-1DE0-43E1-8CDA-100CE9144BD4}.Release|x86.ActiveCfg = Release|Win32
		{66EFAFDD-1DE0-43E1-8CDA-100CE9144BD4}.Release|x86.Build.0 = Release|Win32
		{F2814294-A827-4858-B28E-519B07D75503}.Debug|x64.ActiveCfg = Debug|x64
		{F2814294-A827-4858-B28E-519B07D75503}.Debug|x64.Build.0 = Debug|x64
		{F2814294-A827-4858-B28E-519B07D75503}.Debug|x86.ActiveCfg = Debug|Win32
		{F2814294-A827-4858-B28E-519B07D75503}.Debug|x86.Build.0 = Debug|Win32
		{F2814294-A827-4858-B28E-519B07D75503}.Release|x64.ActiveCfg = Release|x64
		{F2814294-A827-4858-B28E-519B07D75503}.Release|x64.Build.0 = Release|x64
		{F2814294-A827-4858-B28E-519B07D75503}.Release|x86.ActiveCfg = Release|Win32
		{F2814294-A827-4858-B28E-519B07D75503}.Release|x86.Build.0 = Release|Win32
		{15CDBB82-56C1-4427-9035-74D239E2B25A}.Debug|x64.ActiveCfg = Debug|x64
		{15CDBB82-56C1-4427-9035-74D239E2B25A}.Debug|x64.Build.0 = Debug|x64
		{15CDBB82-56C1-4427-9035-74D239E2B25A}.Debug|x86.ActiveCfg = Debug|Win32
		{15CDBB82-56C1-4427-9035-74D239E2B25A}.Debug|x86.Build.0 = Debug|Win32
		{15CDBB82-56C1-4427-9035-74D239E2B25A}.Release|x64.ActiveCfg = Release|x64
		{15CDBB82-56C1-4427-9035-74D239E2B25A}.Release|x64.Build.0 = Release|x64
		{15CDBB82-56C1-4427-9035-74D239E2B25A}.Release|x86.ActiveCfg = Release|Win32
		{15CDBB82-56C1-4427-9035-74D239E2B25A}.Release|x86.Build.0 = Release|Win32
		{B3E96677-0E36-486F-BFB7-B6AD22BA7737}.Debug|x64.ActiveCfg = Debug|x64
		{B3E96677-0E36-486F-BFB7-B6AD22BA7737}.Debug|x64.Build.0 = Debug|x64
		{B3E96677-0E36-486F-BFB7-B6AD22BA7737}.Debug|x86.ActiveCfg = Debug|Win32
		{B3E96677-0E36-486F-BFB7-B6AD22BA7737}.Debug|x86.Build.0 = Debug|Win32
		{B3E96677-0E36-486F-BFB7-B6AD22BA7737}.Release|x64.ActiveCfg = Release|x64
		{B3E96677-0E36-486F-BFB7-B6AD22BA7737}.Release|x64.Build.0 = Release|x64
		{B3E96677-0E36-486F-BFB7-B6AD22BA7737}.Release|x86.ActiveCfg = Release|Win32
		{B3E96677-0E36-486F-BFB7-B6AD22BA7737}.Release|x86.Build.0 = Release|Win32
		{EAF897C7-4EC9-4665-B616-164D792F3BFD}.Debug|x64.ActiveCfg = Debug|x64
		{EAF897C7-4EC9-4665-B616-164D792F3BFD}.Debug|x64.Build.0 = Debug|x64
		{EAF897C7-4EC9-4665-B616-164D792F3BFD}.Debug|x86.ActiveCfg = Debug|Win32
		{EAF897C7-4EC9-4665-B616-164D792F3BFD}.Debug|x86.Build.0 = Debug|Win32
		{EAF897C7-4EC9-4665-B616-164D792F3BFD}.Release|x64.ActiveCfg = Release|x64
		{EAF897C7-4EC9-4665-B616-164D792F3BFD}.Release|x64.Build.0 = Release|x64
		{EAF897C7-4EC9-4665-B616-164D792F3BFD}.Release|x86.ActiveCfg = Release|Win32
		{EAF897C7-4EC9-4665-B616-164D792F3BFD}.Release|x86.Build.0 = Release|Win32
		{AFB07C83-71F4-4E8E-B2B9-25D91B49997C}.Debug|x64.ActiveCfg = Debug|x64
		{AFB07C83-71F4-4E8E-B2B9-25D91B49997C}.Debug|x64.Build.0 = Debug|x64
		{AFB07C83-71F4-4E8E-B2B9-25D91B49997C}.Debug|x86.ActiveCfg = Debug|Win32
		{AFB07C83-71F4-4E8E-B2B9-25D91B49997C}.Debug|x86.Build.0 = Debug|Win32
		{AFB07C83-71F4-4E8E-B2B9-25D91B49997C}.Release|x64.ActiveCfg = Release|x64
		{AFB07C83-71F4-4E8E-B2B9-25D91B49997C}.Release|x64.Build.0 = Release|x64
		{AFB07C83-71F4-4E8E-B2B9-25D91B49997C}.Release|x86.ActiveCfg = Release|Win32
		{AFB07C83-71F4-4E8E-B2B9-25D91B49997C}.Release|x86.Build.0 = Release|Win32
		{91CD2F20-C760-4ECC-BAD6-850B07DE21C7}.Debug|x64.ActiveCfg = Debug|x64
		{91CD2F20-C760-4ECC-BAD6-850B07DE21C7}.Debug|x64.Build.0 = Debug|x64
		{91CD2F20-C760-4ECC-BAD6-850B07DE21C7}.Debug|x86.ActiveCfg = Debug|Win32
		{91CD2F20-C760-4ECC-BAD6-850B07DE21C7}.Debug|x86.Build.0 = Debug|Win32
		{91CD2F20-C760-4ECC-BAD6-850B07DE21C7}.Release|x64.ActiveCfg = Release|x64
		{91CD2F20-C760-4ECC-BAD6-850B07DE21C7}.Release|x64.Build.0 = Release|x64
		{91CD2F20-C760-4ECC-BAD6-850B07DE21C7}.Release|x86.ActiveCfg = Release|Win32
		{91CD2F20-C760-4ECC-BAD6-850B07DE21C7}.Release|x86.Build.0 = Release|Win32
		{3F52654B-8781-490B-A09B-208CA8156CF5}.Debug|x64.ActiveCfg = Debug|x64
		{3F52654B-8781-490B-A09B-208CA8156CF5}.Debug|x64.Build.0 = Debug|x64
		{3F52654B-8781-490B-A09B-208CA8156CF5}.Debug|x86.ActiveCfg = Debug|Win32
		{3F52654B-8781-490B-A09B-208CA8156CF5}.Debug|x86.Build.0 = Debug|Win32
		{3F52654B-8781-490B-A09B-208CA8156CF5}.Release|x64.ActiveCfg = Release|x64
		{3F52654B-8781-490B-A09B-208CA8156CF5}.Release|x64.Build.0 = Release|x64
		{3F52654B-8781-490B-A09B-208CA8156CF5}.Release|x86.ActiveCfg = Release|Win32
		{3F52654B-8781-490B-A09B-208CA8156CF5}.Release|x86.Build.0 = Release|Win32
		{31E9CF20-6EB3-4047-8E27-1954CD8817F2}.Debug|x64.ActiveCfg = Debug|x64
		{31E9CF20-6EB3-4047-8E27-1954CD8817F2}.Debug|x64.Build.0 = Debug|x64
		{31E9CF20-6EB3-4047-8E27-1954CD8817F2}.Debug|x86.ActiveCfg = Debug|Win32
		{31E9CF20-6EB3-4047-8E27-1954CD8817F2}.Debug|x86.Build.0 = Debug|Win32
		{31E9CF20-6EB3-4047-8E27-1954CD8817F2}.Release|x64.ActiveCfg = Release|x64
		{31E9CF20-6EB3-4047-8E27-1954CD8817F2}.Release|x64.Build.0 = Release|x64
		{31E9CF20-6EB3-4047-8E27-1954CD8817F2}.Release|x86.ActiveCfg = Release|Win32
		{31E9CF20-6EB3-4047-8E27-1954CD8817F2}.Release|x86.Build.0 = Release|Win32
	EndGlobalSection
	GlobalSection(SolutionProperties) = preSolution
		HideSolutionNode = FALSE
	EndGlobalSection
	GlobalSection(ExtensibilityGlobals) = postSolution
		SolutionGuid = {E45DF170-B009-4500-9864-D76F46EFC31B}
	EndGlobalSection
EndGlobal
