
Microsoft Visual Studio Solution File, Format Version 12.00
# Visual Studio Version 17
VisualStudioVersion = 17.10.35013.160
MinimumVisualStudioVersion = 10.0.40219.1
Project("{8BC9CEB8-8B4A-11D0-8D11-00A0C91BC942}") = "Program", "Program.vcxproj", "{90DF3489-34E3-4806-8FD9-C931B262B371}"
EndProject
Project("{8BC9CEB8-8B4A-11D0-8D11-00A0C91BC942}") = "Class_1th_TimeComplexity_SpaceComplexity", "..\Class_1th_TimeComplexity_SpaceComplexity\Class_1th_TimeComplexity_SpaceComplexity.vcxproj", "{EA927F04-5422-4CA8-8A4A-93CAB4A5247B}"
EndProject
Project("{8BC9CEB8-8B4A-11D0-8D11-00A0C91BC942}") = "Class_2th_BruteForce", "..\Class_2th_BruteForce\Class_2th_BruteForce.vcxproj", "{D577D65E-095D-49EB-AA01-B51F269A89CE}"
EndProject
Project("{8BC9CEB8-8B4A-11D0-8D11-00A0C91BC942}") = "Class_3th_BubbleSort", "..\Class_3th_BubbleSort\Class_3th_BubbleSort.vcxproj", "{257CCDF8-50FC-48D2-8B14-1A5DF170309A}"
EndProject
Project("{8BC9CEB8-8B4A-11D0-8D11-00A0C91BC942}") = "Class_4th_SelectionSort", "..\Class_4th_SelectionSort\Class_4th_SelectionSort.vcxproj", "{C8D4B4D5-8F6B-4DBF-9B2C-BE2E4C37DA2A}"
EndProject
Global
	GlobalSection(SolutionConfigurationPlatforms) = preSolution
		Debug|x64 = Debug|x64
		Debug|x86 = Debug|x86
		Release|x64 = Release|x64
		Release|x86 = Release|x86
	EndGlobalSection
	GlobalSection(ProjectConfigurationPlatforms) = postSolution
		{90DF3489-34E3-4806-8FD9-C931B262B371}.Debug|x64.ActiveCfg = Debug|x64
		{90DF3489-34E3-4806-8FD9-C931B262B371}.Debug|x64.Build.0 = Debug|x64
		{90DF3489-34E3-4806-8FD9-C931B262B371}.Debug|x86.ActiveCfg = Debug|Win32
		{90DF3489-34E3-4806-8FD9-C931B262B371}.Debug|x86.Build.0 = Debug|Win32
		{90DF3489-34E3-4806-8FD9-C931B262B371}.Release|x64.ActiveCfg = Release|x64
		{90DF3489-34E3-4806-8FD9-C931B262B371}.Release|x64.Build.0 = Release|x64
		{90DF3489-34E3-4806-8FD9-C931B262B371}.Release|x86.ActiveCfg = Release|Win32
		{90DF3489-34E3-4806-8FD9-C931B262B371}.Release|x86.Build.0 = Release|Win32
		{EA927F04-5422-4CA8-8A4A-93CAB4A5247B}.Debug|x64.ActiveCfg = Debug|x64
		{EA927F04-5422-4CA8-8A4A-93CAB4A5247B}.Debug|x64.Build.0 = Debug|x64
		{EA927F04-5422-4CA8-8A4A-93CAB4A5247B}.Debug|x86.ActiveCfg = Debug|Win32
		{EA927F04-5422-4CA8-8A4A-93CAB4A5247B}.Debug|x86.Build.0 = Debug|Win32
		{EA927F04-5422-4CA8-8A4A-93CAB4A5247B}.Release|x64.ActiveCfg = Release|x64
		{EA927F04-5422-4CA8-8A4A-93CAB4A5247B}.Release|x64.Build.0 = Release|x64
		{EA927F04-5422-4CA8-8A4A-93CAB4A5247B}.Release|x86.ActiveCfg = Release|Win32
		{EA927F04-5422-4CA8-8A4A-93CAB4A5247B}.Release|x86.Build.0 = Release|Win32
		{D577D65E-095D-49EB-AA01-B51F269A89CE}.Debug|x64.ActiveCfg = Debug|x64
		{D577D65E-095D-49EB-AA01-B51F269A89CE}.Debug|x64.Build.0 = Debug|x64
		{D577D65E-095D-49EB-AA01-B51F269A89CE}.Debug|x86.ActiveCfg = Debug|Win32
		{D577D65E-095D-49EB-AA01-B51F269A89CE}.Debug|x86.Build.0 = Debug|Win32
		{D577D65E-095D-49EB-AA01-B51F269A89CE}.Release|x64.ActiveCfg = Release|x64
		{D577D65E-095D-49EB-AA01-B51F269A89CE}.Release|x64.Build.0 = Release|x64
		{D577D65E-095D-49EB-AA01-B51F269A89CE}.Release|x86.ActiveCfg = Release|Win32
		{D577D65E-095D-49EB-AA01-B51F269A89CE}.Release|x86.Build.0 = Release|Win32
		{257CCDF8-50FC-48D2-8B14-1A5DF170309A}.Debug|x64.ActiveCfg = Debug|x64
		{257CCDF8-50FC-48D2-8B14-1A5DF170309A}.Debug|x64.Build.0 = Debug|x64
		{257CCDF8-50FC-48D2-8B14-1A5DF170309A}.Debug|x86.ActiveCfg = Debug|Win32
		{257CCDF8-50FC-48D2-8B14-1A5DF170309A}.Debug|x86.Build.0 = Debug|Win32
		{257CCDF8-50FC-48D2-8B14-1A5DF170309A}.Release|x64.ActiveCfg = Release|x64
		{257CCDF8-50FC-48D2-8B14-1A5DF170309A}.Release|x64.Build.0 = Release|x64
		{257CCDF8-50FC-48D2-8B14-1A5DF170309A}.Release|x86.ActiveCfg = Release|Win32
		{257CCDF8-50FC-48D2-8B14-1A5DF170309A}.Release|x86.Build.0 = Release|Win32
		{C8D4B4D5-8F6B-4DBF-9B2C-BE2E4C37DA2A}.Debug|x64.ActiveCfg = Debug|x64
		{C8D4B4D5-8F6B-4DBF-9B2C-BE2E4C37DA2A}.Debug|x64.Build.0 = Debug|x64
		{C8D4B4D5-8F6B-4DBF-9B2C-BE2E4C37DA2A}.Debug|x86.ActiveCfg = Debug|Win32
		{C8D4B4D5-8F6B-4DBF-9B2C-BE2E4C37DA2A}.Debug|x86.Build.0 = Debug|Win32
		{C8D4B4D5-8F6B-4DBF-9B2C-BE2E4C37DA2A}.Release|x64.ActiveCfg = Release|x64
		{C8D4B4D5-8F6B-4DBF-9B2C-BE2E4C37DA2A}.Release|x64.Build.0 = Release|x64
		{C8D4B4D5-8F6B-4DBF-9B2C-BE2E4C37DA2A}.Release|x86.ActiveCfg = Release|Win32
		{C8D4B4D5-8F6B-4DBF-9B2C-BE2E4C37DA2A}.Release|x86.Build.0 = Release|Win32
	EndGlobalSection
	GlobalSection(SolutionProperties) = preSolution
		HideSolutionNode = FALSE
	EndGlobalSection
	GlobalSection(ExtensibilityGlobals) = postSolution
		SolutionGuid = {E45DF170-B009-4500-9864-D76F46EFC31B}
	EndGlobalSection
EndGlobal
