
Microsoft Visual Studio Solution File, Format Version 12.00
# Visual Studio Version 17
VisualStudioVersion = 17.10.35013.160
MinimumVisualStudioVersion = 10.0.40219.1
Project("{8BC9CEB8-8B4A-11D0-8D11-00A0C91BC942}") = "Program", "Program.vcxproj", "{E4E6590D-478E-4B5C-8FD9-B0763776DBF4}"
EndProject
Project("{8BC9CEB8-8B4A-11D0-8D11-00A0C91BC942}") = "Class_1th_Stream", "..\Class_1th_Stream\Class_1th_Stream.vcxproj", "{F4D6E30C-213F-4FAF-B2A4-7E2E330C5DCC}"
EndProject
Project("{8BC9CEB8-8B4A-11D0-8D11-00A0C91BC942}") = "Class_2th_Class", "..\Class_2th_Class\Class_2th_Class.vcxproj", "{D6FFDB4C-8748-4334-B46B-C49D7DDDC8D8}"
EndProject
Project("{8BC9CEB8-8B4A-11D0-8D11-00A0C91BC942}") = "Class_3th_ConstructAndDestruct", "..\Class_3th_ConstructAndDestruct\Class_3th_ConstructAndDestruct.vcxproj", "{AE5F8A09-E4F6-41DD-A428-52C31ED817F6}"
EndProject
Project("{8BC9CEB8-8B4A-11D0-8D11-00A0C91BC942}") = "Class_4th_ShallowCopy&DeepCopy", "..\Class_4th_ShallowCopy&DeepCopy\Class_4th_ShallowCopy&DeepCopy.vcxproj", "{DFFB4FEE-25F4-4190-9E69-0FB4E14C3008}"
EndProject
Project("{8BC9CEB8-8B4A-11D0-8D11-00A0C91BC942}") = "Class_5th_Inheritance", "..\Class_5th_Inheritance\Class_5th_Inheritance.vcxproj", "{584FD6BE-F775-4A8A-AD8A-1A8CE0AF2CAA}"
EndProject
Project("{8BC9CEB8-8B4A-11D0-8D11-00A0C91BC942}") = "Class_6th_Polymorphism", "..\Class_6th_Polymorphism\Class_6th_Polymorphism.vcxproj", "{1E27EBCA-92B6-45C7-882F-A02BD89D3257}"
EndProject
Project("{8BC9CEB8-8B4A-11D0-8D11-00A0C91BC942}") = "Class_7th_Virtual_Function", "..\Class_7th_Virtual_Function\Class_7th_Virtual_Function.vcxproj", "{40A8ABBC-D39E-496A-9989-B6CD3756B122}"
EndProject
Project("{8BC9CEB8-8B4A-11D0-8D11-00A0C91BC942}") = "Class_8th_Abstract", "..\Class_8th_Abstract\Class_8th_Abstract.vcxproj", "{4396EF89-7D68-4CEC-8FF5-66331CA94BA8}"
EndProject
Project("{8BC9CEB8-8B4A-11D0-8D11-00A0C91BC942}") = "Class_9th_Operator_Overloading", "..\Class_9th_Operator_Overloading\Class_9th_Operator_Overloading.vcxproj", "{44591E19-399A-4BFD-B017-F3FEDF1DAE35}"
EndProject
Project("{8BC9CEB8-8B4A-11D0-8D11-00A0C91BC942}") = "Class_10th_Template", "..\Class_10th_Template\Class_10th_Template.vcxproj", "{38EB0DB1-B2DB-4F8A-8B05-3EF21C4BE186}"
EndProject
Global
	GlobalSection(SolutionConfigurationPlatforms) = preSolution
		Debug|x64 = Debug|x64
		Debug|x86 = Debug|x86
		Release|x64 = Release|x64
		Release|x86 = Release|x86
	EndGlobalSection
	GlobalSection(ProjectConfigurationPlatforms) = postSolution
		{E4E6590D-478E-4B5C-8FD9-B0763776DBF4}.Debug|x64.ActiveCfg = Debug|x64
		{E4E6590D-478E-4B5C-8FD9-B0763776DBF4}.Debug|x64.Build.0 = Debug|x64
		{E4E6590D-478E-4B5C-8FD9-B0763776DBF4}.Debug|x86.ActiveCfg = Debug|Win32
		{E4E6590D-478E-4B5C-8FD9-B0763776DBF4}.Debug|x86.Build.0 = Debug|Win32
		{E4E6590D-478E-4B5C-8FD9-B0763776DBF4}.Release|x64.ActiveCfg = Release|x64
		{E4E6590D-478E-4B5C-8FD9-B0763776DBF4}.Release|x64.Build.0 = Release|x64
		{E4E6590D-478E-4B5C-8FD9-B0763776DBF4}.Release|x86.ActiveCfg = Release|Win32
		{E4E6590D-478E-4B5C-8FD9-B0763776DBF4}.Release|x86.Build.0 = Release|Win32
		{F4D6E30C-213F-4FAF-B2A4-7E2E330C5DCC}.Debug|x64.ActiveCfg = Debug|x64
		{F4D6E30C-213F-4FAF-B2A4-7E2E330C5DCC}.Debug|x64.Build.0 = Debug|x64
		{F4D6E30C-213F-4FAF-B2A4-7E2E330C5DCC}.Debug|x86.ActiveCfg = Debug|Win32
		{F4D6E30C-213F-4FAF-B2A4-7E2E330C5DCC}.Debug|x86.Build.0 = Debug|Win32
		{F4D6E30C-213F-4FAF-B2A4-7E2E330C5DCC}.Release|x64.ActiveCfg = Release|x64
		{F4D6E30C-213F-4FAF-B2A4-7E2E330C5DCC}.Release|x64.Build.0 = Release|x64
		{F4D6E30C-213F-4FAF-B2A4-7E2E330C5DCC}.Release|x86.ActiveCfg = Release|Win32
		{F4D6E30C-213F-4FAF-B2A4-7E2E330C5DCC}.Release|x86.Build.0 = Release|Win32
		{D6FFDB4C-8748-4334-B46B-C49D7DDDC8D8}.Debug|x64.ActiveCfg = Debug|x64
		{D6FFDB4C-8748-4334-B46B-C49D7DDDC8D8}.Debug|x64.Build.0 = Debug|x64
		{D6FFDB4C-8748-4334-B46B-C49D7DDDC8D8}.Debug|x86.ActiveCfg = Debug|Win32
		{D6FFDB4C-8748-4334-B46B-C49D7DDDC8D8}.Debug|x86.Build.0 = Debug|Win32
		{D6FFDB4C-8748-4334-B46B-C49D7DDDC8D8}.Release|x64.ActiveCfg = Release|x64
		{D6FFDB4C-8748-4334-B46B-C49D7DDDC8D8}.Release|x64.Build.0 = Release|x64
		{D6FFDB4C-8748-4334-B46B-C49D7DDDC8D8}.Release|x86.ActiveCfg = Release|Win32
		{D6FFDB4C-8748-4334-B46B-C49D7DDDC8D8}.Release|x86.Build.0 = Release|Win32
		{AE5F8A09-E4F6-41DD-A428-52C31ED817F6}.Debug|x64.ActiveCfg = Debug|x64
		{AE5F8A09-E4F6-41DD-A428-52C31ED817F6}.Debug|x64.Build.0 = Debug|x64
		{AE5F8A09-E4F6-41DD-A428-52C31ED817F6}.Debug|x86.ActiveCfg = Debug|Win32
		{AE5F8A09-E4F6-41DD-A428-52C31ED817F6}.Debug|x86.Build.0 = Debug|Win32
		{AE5F8A09-E4F6-41DD-A428-52C31ED817F6}.Release|x64.ActiveCfg = Release|x64
		{AE5F8A09-E4F6-41DD-A428-52C31ED817F6}.Release|x64.Build.0 = Release|x64
		{AE5F8A09-E4F6-41DD-A428-52C31ED817F6}.Release|x86.ActiveCfg = Release|Win32
		{AE5F8A09-E4F6-41DD-A428-52C31ED817F6}.Release|x86.Build.0 = Release|Win32
		{DFFB4FEE-25F4-4190-9E69-0FB4E14C3008}.Debug|x64.ActiveCfg = Debug|x64
		{DFFB4FEE-25F4-4190-9E69-0FB4E14C3008}.Debug|x64.Build.0 = Debug|x64
		{DFFB4FEE-25F4-4190-9E69-0FB4E14C3008}.Debug|x86.ActiveCfg = Debug|Win32
		{DFFB4FEE-25F4-4190-9E69-0FB4E14C3008}.Debug|x86.Build.0 = Debug|Win32
		{DFFB4FEE-25F4-4190-9E69-0FB4E14C3008}.Release|x64.ActiveCfg = Release|x64
		{DFFB4FEE-25F4-4190-9E69-0FB4E14C3008}.Release|x64.Build.0 = Release|x64
		{DFFB4FEE-25F4-4190-9E69-0FB4E14C3008}.Release|x86.ActiveCfg = Release|Win32
		{DFFB4FEE-25F4-4190-9E69-0FB4E14C3008}.Release|x86.Build.0 = Release|Win32
		{584FD6BE-F775-4A8A-AD8A-1A8CE0AF2CAA}.Debug|x64.ActiveCfg = Debug|x64
		{584FD6BE-F775-4A8A-AD8A-1A8CE0AF2CAA}.Debug|x64.Build.0 = Debug|x64
		{584FD6BE-F775-4A8A-AD8A-1A8CE0AF2CAA}.Debug|x86.ActiveCfg = Debug|Win32
		{584FD6BE-F775-4A8A-AD8A-1A8CE0AF2CAA}.Debug|x86.Build.0 = Debug|Win32
		{584FD6BE-F775-4A8A-AD8A-1A8CE0AF2CAA}.Release|x64.ActiveCfg = Release|x64
		{584FD6BE-F775-4A8A-AD8A-1A8CE0AF2CAA}.Release|x64.Build.0 = Release|x64
		{584FD6BE-F775-4A8A-AD8A-1A8CE0AF2CAA}.Release|x86.ActiveCfg = Release|Win32
		{584FD6BE-F775-4A8A-AD8A-1A8CE0AF2CAA}.Release|x86.Build.0 = Release|Win32
		{1E27EBCA-92B6-45C7-882F-A02BD89D3257}.Debug|x64.ActiveCfg = Debug|x64
		{1E27EBCA-92B6-45C7-882F-A02BD89D3257}.Debug|x64.Build.0 = Debug|x64
		{1E27EBCA-92B6-45C7-882F-A02BD89D3257}.Debug|x86.ActiveCfg = Debug|Win32
		{1E27EBCA-92B6-45C7-882F-A02BD89D3257}.Debug|x86.Build.0 = Debug|Win32
		{1E27EBCA-92B6-45C7-882F-A02BD89D3257}.Release|x64.ActiveCfg = Release|x64
		{1E27EBCA-92B6-45C7-882F-A02BD89D3257}.Release|x64.Build.0 = Release|x64
		{1E27EBCA-92B6-45C7-882F-A02BD89D3257}.Release|x86.ActiveCfg = Release|Win32
		{1E27EBCA-92B6-45C7-882F-A02BD89D3257}.Release|x86.Build.0 = Release|Win32
		{40A8ABBC-D39E-496A-9989-B6CD3756B122}.Debug|x64.ActiveCfg = Debug|x64
		{40A8ABBC-D39E-496A-9989-B6CD3756B122}.Debug|x64.Build.0 = Debug|x64
		{40A8ABBC-D39E-496A-9989-B6CD3756B122}.Debug|x86.ActiveCfg = Debug|Win32
		{40A8ABBC-D39E-496A-9989-B6CD3756B122}.Debug|x86.Build.0 = Debug|Win32
		{40A8ABBC-D39E-496A-9989-B6CD3756B122}.Release|x64.ActiveCfg = Release|x64
		{40A8ABBC-D39E-496A-9989-B6CD3756B122}.Release|x64.Build.0 = Release|x64
		{40A8ABBC-D39E-496A-9989-B6CD3756B122}.Release|x86.ActiveCfg = Release|Win32
		{40A8ABBC-D39E-496A-9989-B6CD3756B122}.Release|x86.Build.0 = Release|Win32
		{4396EF89-7D68-4CEC-8FF5-66331CA94BA8}.Debug|x64.ActiveCfg = Debug|x64
		{4396EF89-7D68-4CEC-8FF5-66331CA94BA8}.Debug|x64.Build.0 = Debug|x64
		{4396EF89-7D68-4CEC-8FF5-66331CA94BA8}.Debug|x86.ActiveCfg = Debug|Win32
		{4396EF89-7D68-4CEC-8FF5-66331CA94BA8}.Debug|x86.Build.0 = Debug|Win32
		{4396EF89-7D68-4CEC-8FF5-66331CA94BA8}.Release|x64.ActiveCfg = Release|x64
		{4396EF89-7D68-4CEC-8FF5-66331CA94BA8}.Release|x64.Build.0 = Release|x64
		{4396EF89-7D68-4CEC-8FF5-66331CA94BA8}.Release|x86.ActiveCfg = Release|Win32
		{4396EF89-7D68-4CEC-8FF5-66331CA94BA8}.Release|x86.Build.0 = Release|Win32
		{44591E19-399A-4BFD-B017-F3FEDF1DAE35}.Debug|x64.ActiveCfg = Debug|x64
		{44591E19-399A-4BFD-B017-F3FEDF1DAE35}.Debug|x64.Build.0 = Debug|x64
		{44591E19-399A-4BFD-B017-F3FEDF1DAE35}.Debug|x86.ActiveCfg = Debug|Win32
		{44591E19-399A-4BFD-B017-F3FEDF1DAE35}.Debug|x86.Build.0 = Debug|Win32
		{44591E19-399A-4BFD-B017-F3FEDF1DAE35}.Release|x64.ActiveCfg = Release|x64
		{44591E19-399A-4BFD-B017-F3FEDF1DAE35}.Release|x64.Build.0 = Release|x64
		{44591E19-399A-4BFD-B017-F3FEDF1DAE35}.Release|x86.ActiveCfg = Release|Win32
		{44591E19-399A-4BFD-B017-F3FEDF1DAE35}.Release|x86.Build.0 = Release|Win32
		{38EB0DB1-B2DB-4F8A-8B05-3EF21C4BE186}.Debug|x64.ActiveCfg = Debug|x64
		{38EB0DB1-B2DB-4F8A-8B05-3EF21C4BE186}.Debug|x64.Build.0 = Debug|x64
		{38EB0DB1-B2DB-4F8A-8B05-3EF21C4BE186}.Debug|x86.ActiveCfg = Debug|Win32
		{38EB0DB1-B2DB-4F8A-8B05-3EF21C4BE186}.Debug|x86.Build.0 = Debug|Win32
		{38EB0DB1-B2DB-4F8A-8B05-3EF21C4BE186}.Release|x64.ActiveCfg = Release|x64
		{38EB0DB1-B2DB-4F8A-8B05-3EF21C4BE186}.Release|x64.Build.0 = Release|x64
		{38EB0DB1-B2DB-4F8A-8B05-3EF21C4BE186}.Release|x86.ActiveCfg = Release|Win32
		{38EB0DB1-B2DB-4F8A-8B05-3EF21C4BE186}.Release|x86.Build.0 = Release|Win32
	EndGlobalSection
	GlobalSection(SolutionProperties) = preSolution
		HideSolutionNode = FALSE
	EndGlobalSection
	GlobalSection(ExtensibilityGlobals) = postSolution
		SolutionGuid = {63852FB1-195E-4E21-B7AC-5C37C3FF98EC}
	EndGlobalSection
EndGlobal
